// !$*UTF8*$!
{
	archiveVersion = 1;
	classes = {
	};
	objectVersion = 46;
	objects = {

/* Begin PBXBuildFile section */
		F34071A015523A9A00644A2F /* main.cpp in Sources */ = {isa = PBXBuildFile; fileRef = F340719F15523A9A00644A2F /* main.cpp */; };
		F34071A215523A9A00644A2F /* Set.1 in CopyFiles */ = {isa = PBXBuildFile; fileRef = F34071A115523A9A00644A2F /* Set.1 */; };
/* End PBXBuildFile section */

/* Begin PBXCopyFilesBuildPhase section */
		F340719915523A9A00644A2F /* CopyFiles */ = {
			isa = PBXCopyFilesBuildPhase;
			buildActionMask = 2147483647;
			dstPath = /usr/share/man/man1/;
			dstSubfolderSpec = 0;
			files = (
				F34071A215523A9A00644A2F /* Set.1 in CopyFiles */,
			);
			runOnlyForDeploymentPostprocessing = 1;
		};
/* End PBXCopyFilesBuildPhase section */

/* Begin PBXFileReference section */
		F340719B15523A9A00644A2F /* Set */ = {isa = PBXFileReference; explicitFileType = "compiled.mach-o.executable"; includeInIndex = 0; path = Set; sourceTree = BUILT_PRODUCTS_DIR; };
		F340719F15523A9A00644A2F /* main.cpp */ = {isa = PBXFileReference; lastKnownFileType = sourcecode.cpp.cpp; path = main.cpp; sourceTree = "<group>"; };
		F34071A115523A9A00644A2F /* Set.1 */ = {isa = PBXFileReference; lastKnownFileType = text.man; path = Set.1; sourceTree = "<group>"; };
		F34071A815523AB500644A2F /* Set.h */ = {isa = PBXFileReference; lastKnownFileType = sourcecode.c.h; path = Set.h; sourceTree = "<group>"; };
/* End PBXFileReference section */

/* Begin PBXFrameworksBuildPhase section */
		F340719815523A9A00644A2F /* Frameworks */ = {
			isa = PBXFrameworksBuildPhase;
			buildActionMask = 2147483647;
			files = (
			);
			runOnlyForDeploymentPostprocessing = 0;
		};
/* End PBXFrameworksBuildPhase section */

/* Begin PBXGroup section */
		F340719015523A9A00644A2F = {
			isa = PBXGroup;
			children = (
				F340719E15523A9A00644A2F /* Set */,
				F340719C15523A9A00644A2F /* Products */,
			);
			sourceTree = "<group>";
		};
		F340719C15523A9A00644A2F /* Products */ = {
			isa = PBXGroup;
			children = (
				F340719B15523A9A00644A2F /* Set */,
			);
			name = Products;
			sourceTree = "<group>";
		};
		F340719E15523A9A00644A2F /* Set */ = {
			isa = PBXGroup;
			children = (
				F340719F15523A9A00644A2F /* main.cpp */,
				F34071A115523A9A00644A2F /* Set.1 */,
				F34071A815523AB500644A2F /* Set.h */,
			);
			path = Set;
			sourceTree = "<group>";
		};
/* End PBXGroup section */

/* Begin PBXNativeTarget section */
		F340719A15523A9A00644A2F /* Set */ = {
			isa = PBXNativeTarget;
			buildConfigurationList = F34071A515523A9A00644A2F /* Build configuration list for PBXNativeTarget "Set" */;
			buildPhases = (
				F340719715523A9A00644A2F /* Sources */,
				F340719815523A9A00644A2F /* Frameworks */,
				F340719915523A9A00644A2F /* CopyFiles */,
			);
			buildRules = (
			);
			dependencies = (
			);
			name = Set;
			productName = Set;
			productReference = F340719B15523A9A00644A2F /* Set */;
			productType = "com.apple.product-type.tool";
		};
/* End PBXNativeTarget section */

/* Begin PBXProject section */
		F340719215523A9A00644A2F /* Project object */ = {
			isa = PBXProject;
			attributes = {
				LastUpgradeCheck = 0430;
			};
			buildConfigurationList = F340719515523A9A00644A2F /* Build configuration list for PBXProject "Set" */;
			compatibilityVersion = "Xcode 3.2";
			developmentRegion = English;
			hasScannedForEncodings = 0;
			knownRegions = (
				en,
			);
			mainGroup = F340719015523A9A00644A2F;
			productRefGroup = F340719C15523A9A00644A2F /* Products */;
			projectDirPath = "";
			projectRoot = "";
			targets = (
				F340719A15523A9A00644A2F /* Set */,
			);
		};
/* End PBXProject section */

/* Begin PBXSourcesBuildPhase section */
		F340719715523A9A00644A2F /* Sources */ = {
			isa = PBXSourcesBuildPhase;
			buildActionMask = 2147483647;
			files = (
				F34071A015523A9A00644A2F /* main.cpp in Sources */,
			);
			runOnlyForDeploymentPostprocessing = 0;
		};
/* End PBXSourcesBuildPhase section */

/* Begin XCBuildConfiguration section */
		F34071A315523A9A00644A2F /* Debug */ = {
			isa = XCBuildConfiguration;
			buildSettings = {
				ALWAYS_SEARCH_USER_PATHS = NO;
				ARCHS = "$(ARCHS_STANDARD_64_BIT)";
				CLANG_ENABLE_OBJC_ARC = YES;
				COPY_PHASE_STRIP = NO;
				GCC_C_LANGUAGE_STANDARD = gnu99;
				GCC_DYNAMIC_NO_PIC = NO;
				GCC_ENABLE_OBJC_EXCEPTIONS = YES;
				GCC_OPTIMIZATION_LEVEL = 0;
				GCC_PREPROCESSOR_DEFINITIONS = (
					"DEBUG=1",
					"$(inherited)",
				);
				GCC_SYMBOLS_PRIVATE_EXTERN = NO;
				GCC_VERSION = com.apple.compilers.llvm.clang.1_0;
				GCC_WARN_64_TO_32_BIT_CONVERSION = YES;
				GCC_WARN_ABOUT_RETURN_TYPE = YES;
				GCC_WARN_UNINITIALIZED_AUTOS = YES;
				GCC_WARN_UNUSED_VARIABLE = YES;
				MACOSX_DEPLOYMENT_TARGET = 10.7;
				ONLY_ACTIVE_ARCH = YES;
				SDKROOT = macosx;
			};
			name = Debug;
		};
		F34071A415523A9A00644A2F /* Release */ = {
			isa = XCBuildConfiguration;
			buildSettings = {
				ALWAYS_SEARCH_USER_PATHS = NO;
				ARCHS = "$(ARCHS_STANDARD_64_BIT)";
				CLANG_ENABLE_OBJC_ARC = YES;
				COPY_PHASE_STRIP = YES;
				DEBUG_INFORMATION_FORMAT = "dwarf-with-dsym";
				GCC_C_LANGUAGE_STANDARD = gnu99;
				GCC_ENABLE_OBJC_EXCEPTIONS = YES;
				GCC_VERSION = com.apple.compilers.llvm.clang.1_0;
				GCC_WARN_64_TO_32_BIT_CONVERSION = YES;
				GCC_WARN_ABOUT_RETURN_TYPE = YES;
				GCC_WARN_UNINITIALIZED_AUTOS = YES;
				GCC_WARN_UNUSED_VARIABLE = YES;
				MACOSX_DEPLOYMENT_TARGET = 10.7;
				SDKROOT = macosx;
			};
			name = Release;
		};
		F34071A615523A9A00644A2F /* Debug */ = {
			isa = XCBuildConfiguration;
			buildSettings = {
				PRODUCT_NAME = "$(TARGET_NAME)";
			};
			name = Debug;
		};
		F34071A715523A9A00644A2F /* Release */ = {
			isa = XCBuildConfiguration;
			buildSettings = {
				PRODUCT_NAME = "$(TARGET_NAME)";
			};
			name = Release;
		};
/* End XCBuildConfiguration section */

/* Begin XCConfigurationList section */
		F340719515523A9A00644A2F /* Build configuration list for PBXProject "Set" */ = {
			isa = XCConfigurationList;
			buildConfigurations = (
				F34071A315523A9A00644A2F /* Debug */,
				F34071A415523A9A00644A2F /* Release */,
			);
			defaultConfigurationIsVisible = 0;
			defaultConfigurationName = Release;
		};
		F34071A515523A9A00644A2F /* Build configuration list for PBXNativeTarget "Set" */ = {
			isa = XCConfigurationList;
			buildConfigurations = (
				F34071A615523A9A00644A2F /* Debug */,
				F34071A715523A9A00644A2F /* Release */,
			);
			defaultConfigurationIsVisible = 0;
		};
/* End XCConfigurationList section */
	};
	rootObject = F340719215523A9A00644A2F /* Project object */;
}
