// !$*UTF8*$!
{
	archiveVersion = 1;
	classes = {
	};
	objectVersion = 46;
	objects = {

/* Begin PBXBuildFile section */
		F3031E0A152F8ED3006D670E /* main.cpp in Sources */ = {isa = PBXBuildFile; fileRef = F3031E09152F8ED3006D670E /* main.cpp */; };
		F3031E0C152F8ED3006D670E /* Singleton.1 in CopyFiles */ = {isa = PBXBuildFile; fileRef = F3031E0B152F8ED3006D670E /* Singleton.1 */; };
		F3031E14152F8EFF006D670E /* Singleton.cpp in Sources */ = {isa = PBXBuildFile; fileRef = F3031E12152F8EFF006D670E /* Singleton.cpp */; };
/* End PBXBuildFile section */

/* Begin PBXCopyFilesBuildPhase section */
		F3031E03152F8ED3006D670E /* CopyFiles */ = {
			isa = PBXCopyFilesBuildPhase;
			buildActionMask = 2147483647;
			dstPath = /usr/share/man/man1/;
			dstSubfolderSpec = 0;
			files = (
				F3031E0C152F8ED3006D670E /* Singleton.1 in CopyFiles */,
			);
			runOnlyForDeploymentPostprocessing = 1;
		};
/* End PBXCopyFilesBuildPhase section */

/* Begin PBXFileReference section */
		F3031E05152F8ED3006D670E /* Singleton */ = {isa = PBXFileReference; explicitFileType = "compiled.mach-o.executable"; includeInIndex = 0; path = Singleton; sourceTree = BUILT_PRODUCTS_DIR; };
		F3031E09152F8ED3006D670E /* main.cpp */ = {isa = PBXFileReference; lastKnownFileType = sourcecode.cpp.cpp; path = main.cpp; sourceTree = "<group>"; };
		F3031E0B152F8ED3006D670E /* Singleton.1 */ = {isa = PBXFileReference; lastKnownFileType = text.man; path = Singleton.1; sourceTree = "<group>"; };
		F3031E12152F8EFF006D670E /* Singleton.cpp */ = {isa = PBXFileReference; fileEncoding = 4; lastKnownFileType = sourcecode.cpp.cpp; path = Singleton.cpp; sourceTree = "<group>"; };
		F3031E13152F8EFF006D670E /* Singleton.h */ = {isa = PBXFileReference; fileEncoding = 4; lastKnownFileType = sourcecode.c.h; path = Singleton.h; sourceTree = "<group>"; };
/* End PBXFileReference section */

/* Begin PBXFrameworksBuildPhase section */
		F3031E02152F8ED3006D670E /* Frameworks */ = {
			isa = PBXFrameworksBuildPhase;
			buildActionMask = 2147483647;
			files = (
			);
			runOnlyForDeploymentPostprocessing = 0;
		};
/* End PBXFrameworksBuildPhase section */

/* Begin PBXGroup section */
		F3031DFA152F8ED3006D670E = {
			isa = PBXGroup;
			children = (
				F3031E08152F8ED3006D670E /* Singleton */,
				F3031E06152F8ED3006D670E /* Products */,
			);
			sourceTree = "<group>";
		};
		F3031E06152F8ED3006D670E /* Products */ = {
			isa = PBXGroup;
			children = (
				F3031E05152F8ED3006D670E /* Singleton */,
			);
			name = Products;
			sourceTree = "<group>";
		};
		F3031E08152F8ED3006D670E /* Singleton */ = {
			isa = PBXGroup;
			children = (
				F3031E12152F8EFF006D670E /* Singleton.cpp */,
				F3031E13152F8EFF006D670E /* Singleton.h */,
				F3031E09152F8ED3006D670E /* main.cpp */,
				F3031E0B152F8ED3006D670E /* Singleton.1 */,
			);
			path = Singleton;
			sourceTree = "<group>";
		};
/* End PBXGroup section */

/* Begin PBXNativeTarget section */
		F3031E04152F8ED3006D670E /* Singleton */ = {
			isa = PBXNativeTarget;
			buildConfigurationList = F3031E0F152F8ED3006D670E /* Build configuration list for PBXNativeTarget "Singleton" */;
			buildPhases = (
				F3031E01152F8ED3006D670E /* Sources */,
				F3031E02152F8ED3006D670E /* Frameworks */,
				F3031E03152F8ED3006D670E /* CopyFiles */,
			);
			buildRules = (
			);
			dependencies = (
			);
			name = Singleton;
			productName = Singleton;
			productReference = F3031E05152F8ED3006D670E /* Singleton */;
			productType = "com.apple.product-type.tool";
		};
/* End PBXNativeTarget section */

/* Begin PBXProject section */
		F3031DFC152F8ED3006D670E /* Project object */ = {
			isa = PBXProject;
			attributes = {
				LastUpgradeCheck = 0430;
			};
			buildConfigurationList = F3031DFF152F8ED3006D670E /* Build configuration list for PBXProject "Singleton" */;
			compatibilityVersion = "Xcode 3.2";
			developmentRegion = English;
			hasScannedForEncodings = 0;
			knownRegions = (
				en,
			);
			mainGroup = F3031DFA152F8ED3006D670E;
			productRefGroup = F3031E06152F8ED3006D670E /* Products */;
			projectDirPath = "";
			projectRoot = "";
			targets = (
				F3031E04152F8ED3006D670E /* Singleton */,
			);
		};
/* End PBXProject section */

/* Begin PBXSourcesBuildPhase section */
		F3031E01152F8ED3006D670E /* Sources */ = {
			isa = PBXSourcesBuildPhase;
			buildActionMask = 2147483647;
			files = (
				F3031E0A152F8ED3006D670E /* main.cpp in Sources */,
				F3031E14152F8EFF006D670E /* Singleton.cpp in Sources */,
			);
			runOnlyForDeploymentPostprocessing = 0;
		};
/* End PBXSourcesBuildPhase section */

/* Begin XCBuildConfiguration section */
		F3031E0D152F8ED3006D670E /* Debug */ = {
			isa = XCBuildConfiguration;
			buildSettings = {
				ALWAYS_SEARCH_USER_PATHS = NO;
				ARCHS = "$(ARCHS_STANDARD_64_BIT)";
				CLANG_ENABLE_OBJC_ARC = YES;
				COPY_PHASE_STRIP = NO;
				GCC_C_LANGUAGE_STANDARD = gnu99;
				GCC_DYNAMIC_NO_PIC = NO;
				GCC_ENABLE_OBJC_EXCEPTIONS = YES;
				GCC_OPTIMIZATION_LEVEL = 0;
				GCC_PREPROCESSOR_DEFINITIONS = (
					"DEBUG=1",
					"$(inherited)",
				);
				GCC_SYMBOLS_PRIVATE_EXTERN = NO;
				GCC_VERSION = com.apple.compilers.llvm.clang.1_0;
				GCC_WARN_64_TO_32_BIT_CONVERSION = YES;
				GCC_WARN_ABOUT_RETURN_TYPE = YES;
				GCC_WARN_UNINITIALIZED_AUTOS = YES;
				GCC_WARN_UNUSED_VARIABLE = YES;
				MACOSX_DEPLOYMENT_TARGET = 10.7;
				ONLY_ACTIVE_ARCH = YES;
				SDKROOT = macosx;
			};
			name = Debug;
		};
		F3031E0E152F8ED3006D670E /* Release */ = {
			isa = XCBuildConfiguration;
			buildSettings = {
				ALWAYS_SEARCH_USER_PATHS = NO;
				ARCHS = "$(ARCHS_STANDARD_64_BIT)";
				CLANG_ENABLE_OBJC_ARC = YES;
				COPY_PHASE_STRIP = YES;
				DEBUG_INFORMATION_FORMAT = "dwarf-with-dsym";
				GCC_C_LANGUAGE_STANDARD = gnu99;
				GCC_ENABLE_OBJC_EXCEPTIONS = YES;
				GCC_VERSION = com.apple.compilers.llvm.clang.1_0;
				GCC_WARN_64_TO_32_BIT_CONVERSION = YES;
				GCC_WARN_ABOUT_RETURN_TYPE = YES;
				GCC_WARN_UNINITIALIZED_AUTOS = YES;
				GCC_WARN_UNUSED_VARIABLE = YES;
				MACOSX_DEPLOYMENT_TARGET = 10.7;
				SDKROOT = macosx;
			};
			name = Release;
		};
		F3031E10152F8ED3006D670E /* Debug */ = {
			isa = XCBuildConfiguration;
			buildSettings = {
				PRODUCT_NAME = "$(TARGET_NAME)";
			};
			name = Debug;
		};
		F3031E11152F8ED3006D670E /* Release */ = {
			isa = XCBuildConfiguration;
			buildSettings = {
				PRODUCT_NAME = "$(TARGET_NAME)";
			};
			name = Release;
		};
/* End XCBuildConfiguration section */

/* Begin XCConfigurationList section */
		F3031DFF152F8ED3006D670E /* Build configuration list for PBXProject "Singleton" */ = {
			isa = XCConfigurationList;
			buildConfigurations = (
				F3031E0D152F8ED3006D670E /* Debug */,
				F3031E0E152F8ED3006D670E /* Release */,
			);
			defaultConfigurationIsVisible = 0;
			defaultConfigurationName = Release;
		};
		F3031E0F152F8ED3006D670E /* Build configuration list for PBXNativeTarget "Singleton" */ = {
			isa = XCConfigurationList;
			buildConfigurations = (
				F3031E10152F8ED3006D670E /* Debug */,
				F3031E11152F8ED3006D670E /* Release */,
			);
			defaultConfigurationIsVisible = 0;
		};
/* End XCConfigurationList section */
	};
	rootObject = F3031DFC152F8ED3006D670E /* Project object */;
}
