// !$*UTF8*$!
{
	archiveVersion = 1;
	classes = {
	};
	objectVersion = 46;
	objects = {

/* Begin PBXBuildFile section */
		F3407167155236CA00644A2F /* main.cpp in Sources */ = {isa = PBXBuildFile; fileRef = F3407166155236CA00644A2F /* main.cpp */; };
		F3407169155236CA00644A2F /* ArrayList.1 in CopyFiles */ = {isa = PBXBuildFile; fileRef = F3407168155236CA00644A2F /* ArrayList.1 */; };
		F34071711552372600644A2F /* ArrayList.cpp in Sources */ = {isa = PBXBuildFile; fileRef = F34071701552372600644A2F /* ArrayList.cpp */; };
/* End PBXBuildFile section */

/* Begin PBXCopyFilesBuildPhase section */
		F3407160155236CA00644A2F /* CopyFiles */ = {
			isa = PBXCopyFilesBuildPhase;
			buildActionMask = 2147483647;
			dstPath = /usr/share/man/man1/;
			dstSubfolderSpec = 0;
			files = (
				F3407169155236CA00644A2F /* ArrayList.1 in CopyFiles */,
			);
			runOnlyForDeploymentPostprocessing = 1;
		};
/* End PBXCopyFilesBuildPhase section */

/* Begin PBXFileReference section */
		F3407162155236CA00644A2F /* ArrayList */ = {isa = PBXFileReference; explicitFileType = "compiled.mach-o.executable"; includeInIndex = 0; path = ArrayList; sourceTree = BUILT_PRODUCTS_DIR; };
		F3407166155236CA00644A2F /* main.cpp */ = {isa = PBXFileReference; lastKnownFileType = sourcecode.cpp.cpp; path = main.cpp; sourceTree = "<group>"; };
		F3407168155236CA00644A2F /* ArrayList.1 */ = {isa = PBXFileReference; lastKnownFileType = text.man; path = ArrayList.1; sourceTree = "<group>"; };
		F340716F1552370600644A2F /* ArrayList.h */ = {isa = PBXFileReference; lastKnownFileType = sourcecode.c.h; path = ArrayList.h; sourceTree = "<group>"; };
		F34071701552372600644A2F /* ArrayList.cpp */ = {isa = PBXFileReference; fileEncoding = 4; lastKnownFileType = sourcecode.cpp.cpp; path = ArrayList.cpp; sourceTree = "<group>"; };
/* End PBXFileReference section */

/* Begin PBXFrameworksBuildPhase section */
		F340715F155236CA00644A2F /* Frameworks */ = {
			isa = PBXFrameworksBuildPhase;
			buildActionMask = 2147483647;
			files = (
			);
			runOnlyForDeploymentPostprocessing = 0;
		};
/* End PBXFrameworksBuildPhase section */

/* Begin PBXGroup section */
		F3407157155236C900644A2F = {
			isa = PBXGroup;
			children = (
				F3407165155236CA00644A2F /* ArrayList */,
				F3407163155236CA00644A2F /* Products */,
			);
			sourceTree = "<group>";
		};
		F3407163155236CA00644A2F /* Products */ = {
			isa = PBXGroup;
			children = (
				F3407162155236CA00644A2F /* ArrayList */,
			);
			name = Products;
			sourceTree = "<group>";
		};
		F3407165155236CA00644A2F /* ArrayList */ = {
			isa = PBXGroup;
			children = (
				F3407166155236CA00644A2F /* main.cpp */,
				F3407168155236CA00644A2F /* ArrayList.1 */,
				F340716F1552370600644A2F /* ArrayList.h */,
				F34071701552372600644A2F /* ArrayList.cpp */,
			);
			path = ArrayList;
			sourceTree = "<group>";
		};
/* End PBXGroup section */

/* Begin PBXNativeTarget section */
		F3407161155236CA00644A2F /* ArrayList */ = {
			isa = PBXNativeTarget;
			buildConfigurationList = F340716C155236CA00644A2F /* Build configuration list for PBXNativeTarget "ArrayList" */;
			buildPhases = (
				F340715E155236CA00644A2F /* Sources */,
				F340715F155236CA00644A2F /* Frameworks */,
				F3407160155236CA00644A2F /* CopyFiles */,
			);
			buildRules = (
			);
			dependencies = (
			);
			name = ArrayList;
			productName = ArrayList;
			productReference = F3407162155236CA00644A2F /* ArrayList */;
			productType = "com.apple.product-type.tool";
		};
/* End PBXNativeTarget section */

/* Begin PBXProject section */
		F3407159155236C900644A2F /* Project object */ = {
			isa = PBXProject;
			attributes = {
				LastUpgradeCheck = 0430;
			};
			buildConfigurationList = F340715C155236C900644A2F /* Build configuration list for PBXProject "ArrayList" */;
			compatibilityVersion = "Xcode 3.2";
			developmentRegion = English;
			hasScannedForEncodings = 0;
			knownRegions = (
				en,
			);
			mainGroup = F3407157155236C900644A2F;
			productRefGroup = F3407163155236CA00644A2F /* Products */;
			projectDirPath = "";
			projectRoot = "";
			targets = (
				F3407161155236CA00644A2F /* ArrayList */,
			);
		};
/* End PBXProject section */

/* Begin PBXSourcesBuildPhase section */
		F340715E155236CA00644A2F /* Sources */ = {
			isa = PBXSourcesBuildPhase;
			buildActionMask = 2147483647;
			files = (
				F3407167155236CA00644A2F /* main.cpp in Sources */,
				F34071711552372600644A2F /* ArrayList.cpp in Sources */,
			);
			runOnlyForDeploymentPostprocessing = 0;
		};
/* End PBXSourcesBuildPhase section */

/* Begin XCBuildConfiguration section */
		F340716A155236CA00644A2F /* Debug */ = {
			isa = XCBuildConfiguration;
			buildSettings = {
				ALWAYS_SEARCH_USER_PATHS = NO;
				ARCHS = "$(ARCHS_STANDARD_64_BIT)";
				CLANG_ENABLE_OBJC_ARC = YES;
				COPY_PHASE_STRIP = NO;
				GCC_C_LANGUAGE_STANDARD = gnu99;
				GCC_DYNAMIC_NO_PIC = NO;
				GCC_ENABLE_OBJC_EXCEPTIONS = YES;
				GCC_OPTIMIZATION_LEVEL = 0;
				GCC_PREPROCESSOR_DEFINITIONS = (
					"DEBUG=1",
					"$(inherited)",
				);
				GCC_SYMBOLS_PRIVATE_EXTERN = NO;
				GCC_VERSION = com.apple.compilers.llvm.clang.1_0;
				GCC_WARN_64_TO_32_BIT_CONVERSION = YES;
				GCC_WARN_ABOUT_RETURN_TYPE = YES;
				GCC_WARN_UNINITIALIZED_AUTOS = YES;
				GCC_WARN_UNUSED_VARIABLE = YES;
				MACOSX_DEPLOYMENT_TARGET = 10.7;
				ONLY_ACTIVE_ARCH = YES;
				SDKROOT = macosx;
			};
			name = Debug;
		};
		F340716B155236CA00644A2F /* Release */ = {
			isa = XCBuildConfiguration;
			buildSettings = {
				ALWAYS_SEARCH_USER_PATHS = NO;
				ARCHS = "$(ARCHS_STANDARD_64_BIT)";
				CLANG_ENABLE_OBJC_ARC = YES;
				COPY_PHASE_STRIP = YES;
				DEBUG_INFORMATION_FORMAT = "dwarf-with-dsym";
				GCC_C_LANGUAGE_STANDARD = gnu99;
				GCC_ENABLE_OBJC_EXCEPTIONS = YES;
				GCC_VERSION = com.apple.compilers.llvm.clang.1_0;
				GCC_WARN_64_TO_32_BIT_CONVERSION = YES;
				GCC_WARN_ABOUT_RETURN_TYPE = YES;
				GCC_WARN_UNINITIALIZED_AUTOS = YES;
				GCC_WARN_UNUSED_VARIABLE = YES;
				MACOSX_DEPLOYMENT_TARGET = 10.7;
				SDKROOT = macosx;
			};
			name = Release;
		};
		F340716D155236CA00644A2F /* Debug */ = {
			isa = XCBuildConfiguration;
			buildSettings = {
				PRODUCT_NAME = "$(TARGET_NAME)";
			};
			name = Debug;
		};
		F340716E155236CA00644A2F /* Release */ = {
			isa = XCBuildConfiguration;
			buildSettings = {
				PRODUCT_NAME = "$(TARGET_NAME)";
			};
			name = Release;
		};
/* End XCBuildConfiguration section */

/* Begin XCConfigurationList section */
		F340715C155236C900644A2F /* Build configuration list for PBXProject "ArrayList" */ = {
			isa = XCConfigurationList;
			buildConfigurations = (
				F340716A155236CA00644A2F /* Debug */,
				F340716B155236CA00644A2F /* Release */,
			);
			defaultConfigurationIsVisible = 0;
			defaultConfigurationName = Release;
		};
		F340716C155236CA00644A2F /* Build configuration list for PBXNativeTarget "ArrayList" */ = {
			isa = XCConfigurationList;
			buildConfigurations = (
				F340716D155236CA00644A2F /* Debug */,
				F340716E155236CA00644A2F /* Release */,
			);
			defaultConfigurationIsVisible = 0;
		};
/* End XCConfigurationList section */
	};
	rootObject = F3407159155236C900644A2F /* Project object */;
}
