// !$*UTF8*$!
{
	archiveVersion = 1;
	classes = {
	};
	objectVersion = 46;
	objects = {

/* Begin PBXBuildFile section */
		F3B03C86152F714F00C16AEE /* main.cpp in Sources */ = {isa = PBXBuildFile; fileRef = F3B03C85152F714F00C16AEE /* main.cpp */; };
		F3B03C88152F714F00C16AEE /* Observer.1 in CopyFiles */ = {isa = PBXBuildFile; fileRef = F3B03C87152F714F00C16AEE /* Observer.1 */; };
		F3B03C92152F719400C16AEE /* Observer.cpp in Sources */ = {isa = PBXBuildFile; fileRef = F3B03C8E152F719400C16AEE /* Observer.cpp */; };
		F3B03C93152F719400C16AEE /* Subject.cpp in Sources */ = {isa = PBXBuildFile; fileRef = F3B03C90152F719400C16AEE /* Subject.cpp */; };
/* End PBXBuildFile section */

/* Begin PBXCopyFilesBuildPhase section */
		F3B03C7F152F714F00C16AEE /* CopyFiles */ = {
			isa = PBXCopyFilesBuildPhase;
			buildActionMask = 2147483647;
			dstPath = /usr/share/man/man1/;
			dstSubfolderSpec = 0;
			files = (
				F3B03C88152F714F00C16AEE /* Observer.1 in CopyFiles */,
			);
			runOnlyForDeploymentPostprocessing = 1;
		};
/* End PBXCopyFilesBuildPhase section */

/* Begin PBXFileReference section */
		F3B03C81152F714F00C16AEE /* Observer */ = {isa = PBXFileReference; explicitFileType = "compiled.mach-o.executable"; includeInIndex = 0; path = Observer; sourceTree = BUILT_PRODUCTS_DIR; };
		F3B03C85152F714F00C16AEE /* main.cpp */ = {isa = PBXFileReference; lastKnownFileType = sourcecode.cpp.cpp; path = main.cpp; sourceTree = "<group>"; };
		F3B03C87152F714F00C16AEE /* Observer.1 */ = {isa = PBXFileReference; lastKnownFileType = text.man; path = Observer.1; sourceTree = "<group>"; };
		F3B03C8E152F719400C16AEE /* Observer.cpp */ = {isa = PBXFileReference; fileEncoding = 4; lastKnownFileType = sourcecode.cpp.cpp; path = Observer.cpp; sourceTree = "<group>"; };
		F3B03C8F152F719400C16AEE /* Observer.h */ = {isa = PBXFileReference; fileEncoding = 4; lastKnownFileType = sourcecode.c.h; path = Observer.h; sourceTree = "<group>"; };
		F3B03C90152F719400C16AEE /* Subject.cpp */ = {isa = PBXFileReference; fileEncoding = 4; lastKnownFileType = sourcecode.cpp.cpp; path = Subject.cpp; sourceTree = "<group>"; };
		F3B03C91152F719400C16AEE /* Subject.h */ = {isa = PBXFileReference; fileEncoding = 4; lastKnownFileType = sourcecode.c.h; path = Subject.h; sourceTree = "<group>"; };
/* End PBXFileReference section */

/* Begin PBXFrameworksBuildPhase section */
		F3B03C7E152F714F00C16AEE /* Frameworks */ = {
			isa = PBXFrameworksBuildPhase;
			buildActionMask = 2147483647;
			files = (
			);
			runOnlyForDeploymentPostprocessing = 0;
		};
/* End PBXFrameworksBuildPhase section */

/* Begin PBXGroup section */
		F3B03C76152F714F00C16AEE = {
			isa = PBXGroup;
			children = (
				F3B03C84152F714F00C16AEE /* Observer */,
				F3B03C82152F714F00C16AEE /* Products */,
			);
			sourceTree = "<group>";
		};
		F3B03C82152F714F00C16AEE /* Products */ = {
			isa = PBXGroup;
			children = (
				F3B03C81152F714F00C16AEE /* Observer */,
			);
			name = Products;
			sourceTree = "<group>";
		};
		F3B03C84152F714F00C16AEE /* Observer */ = {
			isa = PBXGroup;
			children = (
				F3B03C8E152F719400C16AEE /* Observer.cpp */,
				F3B03C8F152F719400C16AEE /* Observer.h */,
				F3B03C90152F719400C16AEE /* Subject.cpp */,
				F3B03C91152F719400C16AEE /* Subject.h */,
				F3B03C85152F714F00C16AEE /* main.cpp */,
				F3B03C87152F714F00C16AEE /* Observer.1 */,
			);
			path = Observer;
			sourceTree = "<group>";
		};
/* End PBXGroup section */

/* Begin PBXNativeTarget section */
		F3B03C80152F714F00C16AEE /* Observer */ = {
			isa = PBXNativeTarget;
			buildConfigurationList = F3B03C8B152F714F00C16AEE /* Build configuration list for PBXNativeTarget "Observer" */;
			buildPhases = (
				F3B03C7D152F714F00C16AEE /* Sources */,
				F3B03C7E152F714F00C16AEE /* Frameworks */,
				F3B03C7F152F714F00C16AEE /* CopyFiles */,
			);
			buildRules = (
			);
			dependencies = (
			);
			name = Observer;
			productName = Observer;
			productReference = F3B03C81152F714F00C16AEE /* Observer */;
			productType = "com.apple.product-type.tool";
		};
/* End PBXNativeTarget section */

/* Begin PBXProject section */
		F3B03C78152F714F00C16AEE /* Project object */ = {
			isa = PBXProject;
			attributes = {
				LastUpgradeCheck = 0430;
			};
			buildConfigurationList = F3B03C7B152F714F00C16AEE /* Build configuration list for PBXProject "Observer" */;
			compatibilityVersion = "Xcode 3.2";
			developmentRegion = English;
			hasScannedForEncodings = 0;
			knownRegions = (
				en,
			);
			mainGroup = F3B03C76152F714F00C16AEE;
			productRefGroup = F3B03C82152F714F00C16AEE /* Products */;
			projectDirPath = "";
			projectRoot = "";
			targets = (
				F3B03C80152F714F00C16AEE /* Observer */,
			);
		};
/* End PBXProject section */

/* Begin PBXSourcesBuildPhase section */
		F3B03C7D152F714F00C16AEE /* Sources */ = {
			isa = PBXSourcesBuildPhase;
			buildActionMask = 2147483647;
			files = (
				F3B03C86152F714F00C16AEE /* main.cpp in Sources */,
				F3B03C92152F719400C16AEE /* Observer.cpp in Sources */,
				F3B03C93152F719400C16AEE /* Subject.cpp in Sources */,
			);
			runOnlyForDeploymentPostprocessing = 0;
		};
/* End PBXSourcesBuildPhase section */

/* Begin XCBuildConfiguration section */
		F3B03C89152F714F00C16AEE /* Debug */ = {
			isa = XCBuildConfiguration;
			buildSettings = {
				ALWAYS_SEARCH_USER_PATHS = NO;
				ARCHS = "$(ARCHS_STANDARD_64_BIT)";
				CLANG_ENABLE_OBJC_ARC = YES;
				COPY_PHASE_STRIP = NO;
				GCC_C_LANGUAGE_STANDARD = gnu99;
				GCC_DYNAMIC_NO_PIC = NO;
				GCC_ENABLE_OBJC_EXCEPTIONS = YES;
				GCC_OPTIMIZATION_LEVEL = 0;
				GCC_PREPROCESSOR_DEFINITIONS = (
					"DEBUG=1",
					"$(inherited)",
				);
				GCC_SYMBOLS_PRIVATE_EXTERN = NO;
				GCC_VERSION = com.apple.compilers.llvm.clang.1_0;
				GCC_WARN_64_TO_32_BIT_CONVERSION = YES;
				GCC_WARN_ABOUT_RETURN_TYPE = YES;
				GCC_WARN_UNINITIALIZED_AUTOS = YES;
				GCC_WARN_UNUSED_VARIABLE = YES;
				MACOSX_DEPLOYMENT_TARGET = 10.7;
				ONLY_ACTIVE_ARCH = YES;
				SDKROOT = macosx;
			};
			name = Debug;
		};
		F3B03C8A152F714F00C16AEE /* Release */ = {
			isa = XCBuildConfiguration;
			buildSettings = {
				ALWAYS_SEARCH_USER_PATHS = NO;
				ARCHS = "$(ARCHS_STANDARD_64_BIT)";
				CLANG_ENABLE_OBJC_ARC = YES;
				COPY_PHASE_STRIP = YES;
				DEBUG_INFORMATION_FORMAT = "dwarf-with-dsym";
				GCC_C_LANGUAGE_STANDARD = gnu99;
				GCC_ENABLE_OBJC_EXCEPTIONS = YES;
				GCC_VERSION = com.apple.compilers.llvm.clang.1_0;
				GCC_WARN_64_TO_32_BIT_CONVERSION = YES;
				GCC_WARN_ABOUT_RETURN_TYPE = YES;
				GCC_WARN_UNINITIALIZED_AUTOS = YES;
				GCC_WARN_UNUSED_VARIABLE = YES;
				MACOSX_DEPLOYMENT_TARGET = 10.7;
				SDKROOT = macosx;
			};
			name = Release;
		};
		F3B03C8C152F714F00C16AEE /* Debug */ = {
			isa = XCBuildConfiguration;
			buildSettings = {
				PRODUCT_NAME = "$(TARGET_NAME)";
			};
			name = Debug;
		};
		F3B03C8D152F714F00C16AEE /* Release */ = {
			isa = XCBuildConfiguration;
			buildSettings = {
				PRODUCT_NAME = "$(TARGET_NAME)";
			};
			name = Release;
		};
/* End XCBuildConfiguration section */

/* Begin XCConfigurationList section */
		F3B03C7B152F714F00C16AEE /* Build configuration list for PBXProject "Observer" */ = {
			isa = XCConfigurationList;
			buildConfigurations = (
				F3B03C89152F714F00C16AEE /* Debug */,
				F3B03C8A152F714F00C16AEE /* Release */,
			);
			defaultConfigurationIsVisible = 0;
			defaultConfigurationName = Release;
		};
		F3B03C8B152F714F00C16AEE /* Build configuration list for PBXNativeTarget "Observer" */ = {
			isa = XCConfigurationList;
			buildConfigurations = (
				F3B03C8C152F714F00C16AEE /* Debug */,
				F3B03C8D152F714F00C16AEE /* Release */,
			);
			defaultConfigurationIsVisible = 0;
		};
/* End XCConfigurationList section */
	};
	rootObject = F3B03C78152F714F00C16AEE /* Project object */;
}
